// !$*UTF8*$!
{
	archiveVersion = 1;
	classes = {
	};
	objectVersion = 56;
	objects = {

/* Begin PBXBuildFile section */
		23654165285A055800A8612F /* Kingfisher in Frameworks */ = {isa = PBXBuildFile; productRef = 23654164285A055800A8612F /* Kingfisher */; };
		23654167285A0B4900A8612F /* TabManager.swift in Sources */ = {isa = PBXBuildFile; fileRef = 23654166285A0B4900A8612F /* TabManager.swift */; };
		23654169285A0C1D00A8612F /* NavigationViewModel.swift in Sources */ = {isa = PBXBuildFile; fileRef = 23654168285A0C1D00A8612F /* NavigationViewModel.swift */; };
		237DEB902859E9E100B14BDF /* CampaignDemoApp.swift in Sources */ = {isa = PBXBuildFile; fileRef = 237DEB8F2859E9E100B14BDF /* CampaignDemoApp.swift */; };
		237DEB922859E9E100B14BDF /* ContentView.swift in Sources */ = {isa = PBXBuildFile; fileRef = 237DEB912859E9E100B14BDF /* ContentView.swift */; };
		237DEB942859E9E100B14BDF /* Assets.xcassets in Resources */ = {isa = PBXBuildFile; fileRef = 237DEB932859E9E100B14BDF /* Assets.xcassets */; };
		237DEB972859E9E100B14BDF /* Preview Assets.xcassets in Resources */ = {isa = PBXBuildFile; fileRef = 237DEB962859E9E100B14BDF /* Preview Assets.xcassets */; };
		237DEBA12859EA4E00B14BDF /* Onboarding.swift in Sources */ = {isa = PBXBuildFile; fileRef = 237DEBA02859EA4E00B14BDF /* Onboarding.swift */; };
		237DEBA32859EBB500B14BDF /* Shop.swift in Sources */ = {isa = PBXBuildFile; fileRef = 237DEBA22859EBB500B14BDF /* Shop.swift */; };
		237DEBA52859ED8900B14BDF /* Cases.swift in Sources */ = {isa = PBXBuildFile; fileRef = 237DEBA42859ED8900B14BDF /* Cases.swift */; };
		239B1BA2285A7BFE00A0C895 /* Birthday.swift in Sources */ = {isa = PBXBuildFile; fileRef = 239B1BA1285A7BFE00A0C895 /* Birthday.swift */; };
		239B1BA4285A907C00A0C895 /* Launch Screen.storyboard in Resources */ = {isa = PBXBuildFile; fileRef = 239B1BA3285A907C00A0C895 /* Launch Screen.storyboard */; };
/* End PBXBuildFile section */

/* Begin PBXFileReference section */
		23654166285A0B4900A8612F /* TabManager.swift */ = {isa = PBXFileReference; lastKnownFileType = sourcecode.swift; path = TabManager.swift; sourceTree = "<group>"; };
		23654168285A0C1D00A8612F /* NavigationViewModel.swift */ = {isa = PBXFileReference; lastKnownFileType = sourcecode.swift; path = NavigationViewModel.swift; sourceTree = "<group>"; };
		237DEB8C2859E9E100B14BDF /* CampaignDemo.app */ = {isa = PBXFileReference; explicitFileType = wrapper.application; includeInIndex = 0; path = CampaignDemo.app; sourceTree = BUILT_PRODUCTS_DIR; };
		237DEB8F2859E9E100B14BDF /* CampaignDemoApp.swift */ = {isa = PBXFileReference; lastKnownFileType = sourcecode.swift; path = CampaignDemoApp.swift; sourceTree = "<group>"; };
		237DEB912859E9E100B14BDF /* ContentView.swift */ = {isa = PBXFileReference; lastKnownFileType = sourcecode.swift; path = ContentView.swift; sourceTree = "<group>"; };
		237DEB932859E9E100B14BDF /* Assets.xcassets */ = {isa = PBXFileReference; lastKnownFileType = folder.assetcatalog; path = Assets.xcassets; sourceTree = "<group>"; };
		237DEB962859E9E100B14BDF /* Preview Assets.xcassets */ = {isa = PBXFileReference; lastKnownFileType = folder.assetcatalog; path = "Preview Assets.xcassets"; sourceTree = "<group>"; };
		237DEBA02859EA4E00B14BDF /* Onboarding.swift */ = {isa = PBXFileReference; lastKnownFileType = sourcecode.swift; path = Onboarding.swift; sourceTree = "<group>"; };
		237DEBA22859EBB500B14BDF /* Shop.swift */ = {isa = PBXFileReference; lastKnownFileType = sourcecode.swift; path = Shop.swift; sourceTree = "<group>"; };
		237DEBA42859ED8900B14BDF /* Cases.swift */ = {isa = PBXFileReference; lastKnownFileType = sourcecode.swift; path = Cases.swift; sourceTree = "<group>"; };
		239B1BA1285A7BFE00A0C895 /* Birthday.swift */ = {isa = PBXFileReference; lastKnownFileType = sourcecode.swift; path = Birthday.swift; sourceTree = "<group>"; };
		239B1BA3285A907C00A0C895 /* Launch Screen.storyboard */ = {isa = PBXFileReference; lastKnownFileType = file.storyboard; path = "Launch Screen.storyboard"; sourceTree = "<group>"; };
/* End PBXFileReference section */

/* Begin PBXFrameworksBuildPhase section */
		237DEB892859E9E100B14BDF /* Frameworks */ = {
			isa = PBXFrameworksBuildPhase;
			buildActionMask = 2147483647;
			files = (
				23654165285A055800A8612F /* Kingfisher in Frameworks */,
			);
			runOnlyForDeploymentPostprocessing = 0;
		};
/* End PBXFrameworksBuildPhase section */

/* Begin PBXGroup section */
		237DEB832859E9E100B14BDF = {
			isa = PBXGroup;
			children = (
				237DEB8E2859E9E100B14BDF /* CampaignDemo */,
				237DEB8D2859E9E100B14BDF /* Products */,
			);
			sourceTree = "<group>";
		};
		237DEB8D2859E9E100B14BDF /* Products */ = {
			isa = PBXGroup;
			children = (
				237DEB8C2859E9E100B14BDF /* CampaignDemo.app */,
			);
			name = Products;
			sourceTree = "<group>";
		};
		237DEB8E2859E9E100B14BDF /* CampaignDemo */ = {
			isa = PBXGroup;
			children = (
				237DEB9F2859EA4300B14BDF /* Model */,
				237DEB9E2859EA4000B14BDF /* ViewModel */,
				237DEB9D2859EA3C00B14BDF /* View */,
				237DEB8F2859E9E100B14BDF /* CampaignDemoApp.swift */,
				237DEB912859E9E100B14BDF /* ContentView.swift */,
				237DEB932859E9E100B14BDF /* Assets.xcassets */,
				237DEB952859E9E100B14BDF /* Preview Content */,
			);
			path = CampaignDemo;
			sourceTree = "<group>";
		};
		237DEB952859E9E100B14BDF /* Preview Content */ = {
			isa = PBXGroup;
			children = (
				237DEB962859E9E100B14BDF /* Preview Assets.xcassets */,
			);
			path = "Preview Content";
			sourceTree = "<group>";
		};
		237DEB9D2859EA3C00B14BDF /* View */ = {
			isa = PBXGroup;
			children = (
				237DEBA02859EA4E00B14BDF /* Onboarding.swift */,
				237DEBA22859EBB500B14BDF /* Shop.swift */,
				23654166285A0B4900A8612F /* TabManager.swift */,
				239B1BA1285A7BFE00A0C895 /* Birthday.swift */,
				239B1BA3285A907C00A0C895 /* Launch Screen.storyboard */,
			);
			path = View;
			sourceTree = "<group>";
		};
		237DEB9E2859EA4000B14BDF /* ViewModel */ = {
			isa = PBXGroup;
			children = (
				23654168285A0C1D00A8612F /* NavigationViewModel.swift */,
			);
			path = ViewModel;
			sourceTree = "<group>";
		};
		237DEB9F2859EA4300B14BDF /* Model */ = {
			isa = PBXGroup;
			children = (
				237DEBA42859ED8900B14BDF /* Cases.swift */,
			);
			path = Model;
			sourceTree = "<group>";
		};
/* End PBXGroup section */

/* Begin PBXNativeTarget section */
		237DEB8B2859E9E100B14BDF /* CampaignDemo */ = {
			isa = PBXNativeTarget;
			buildConfigurationList = 237DEB9A2859E9E100B14BDF /* Build configuration list for PBXNativeTarget "CampaignDemo" */;
			buildPhases = (
				237DEB882859E9E100B14BDF /* Sources */,
				237DEB892859E9E100B14BDF /* Frameworks */,
				237DEB8A2859E9E100B14BDF /* Resources */,
			);
			buildRules = (
			);
			dependencies = (
			);
			name = CampaignDemo;
			packageProductDependencies = (
				23654164285A055800A8612F /* Kingfisher */,
			);
			productName = CampaignDemo;
			productReference = 237DEB8C2859E9E100B14BDF /* CampaignDemo.app */;
			productType = "com.apple.product-type.application";
		};
/* End PBXNativeTarget section */

/* Begin PBXProject section */
		237DEB842859E9E100B14BDF /* Project object */ = {
			isa = PBXProject;
			attributes = {
				BuildIndependentTargetsInParallel = 1;
				LastSwiftUpdateCheck = 1400;
				LastUpgradeCheck = 1400;
				TargetAttributes = {
					237DEB8B2859E9E100B14BDF = {
						CreatedOnToolsVersion = 14.0;
					};
				};
			};
			buildConfigurationList = 237DEB872859E9E100B14BDF /* Build configuration list for PBXProject "CampaignDemo" */;
			compatibilityVersion = "Xcode 14.0";
			developmentRegion = en;
			hasScannedForEncodings = 0;
			knownRegions = (
				en,
				Base,
			);
			mainGroup = 237DEB832859E9E100B14BDF;
			packageReferences = (
				23654163285A055800A8612F /* XCRemoteSwiftPackageReference "Kingfisher" */,
			);
			productRefGroup = 237DEB8D2859E9E100B14BDF /* Products */;
			projectDirPath = "";
			projectRoot = "";
			targets = (
				237DEB8B2859E9E100B14BDF /* CampaignDemo */,
			);
		};
/* End PBXProject section */

/* Begin PBXResourcesBuildPhase section */
		237DEB8A2859E9E100B14BDF /* Resources */ = {
			isa = PBXResourcesBuildPhase;
			buildActionMask = 2147483647;
			files = (
				239B1BA4285A907C00A0C895 /* Launch Screen.storyboard in Resources */,
				237DEB972859E9E100B14BDF /* Preview Assets.xcassets in Resources */,
				237DEB942859E9E100B14BDF /* Assets.xcassets in Resources */,
			);
			runOnlyForDeploymentPostprocessing = 0;
		};
/* End PBXResourcesBuildPhase section */

/* Begin PBXSourcesBuildPhase section */
		237DEB882859E9E100B14BDF /* Sources */ = {
			isa = PBXSourcesBuildPhase;
			buildActionMask = 2147483647;
			files = (
				239B1BA2285A7BFE00A0C895 /* Birthday.swift in Sources */,
				237DEBA12859EA4E00B14BDF /* Onboarding.swift in Sources */,
				237DEB922859E9E100B14BDF /* ContentView.swift in Sources */,
				237DEBA52859ED8900B14BDF /* Cases.swift in Sources */,
				23654169285A0C1D00A8612F /* NavigationViewModel.swift in Sources */,
				237DEBA32859EBB500B14BDF /* Shop.swift in Sources */,
				237DEB902859E9E100B14BDF /* CampaignDemoApp.swift in Sources */,
				23654167285A0B4900A8612F /* TabManager.swift in Sources */,
			);
			runOnlyForDeploymentPostprocessing = 0;
		};
/* End PBXSourcesBuildPhase section */

/* Begin XCBuildConfiguration section */
		237DEB982859E9E100B14BDF /* Debug */ = {
			isa = XCBuildConfiguration;
			buildSettings = {
				ALWAYS_SEARCH_USER_PATHS = NO;
				CLANG_ANALYZER_NONNULL = YES;
				CLANG_ANALYZER_NUMBER_OBJECT_CONVERSION = YES_AGGRESSIVE;
				CLANG_CXX_LANGUAGE_STANDARD = "gnu++17";
				CLANG_ENABLE_MODULES = YES;
				CLANG_ENABLE_OBJC_ARC = YES;
				CLANG_ENABLE_OBJC_WEAK = YES;
				CLANG_WARN_BLOCK_CAPTURE_AUTORELEASING = YES;
				CLANG_WARN_BOOL_CONVERSION = YES;
				CLANG_WARN_COMMA = YES;
				CLANG_WARN_CONSTANT_CONVERSION = YES;
				CLANG_WARN_DEPRECATED_OBJC_IMPLEMENTATIONS = YES;
				CLANG_WARN_DIRECT_OBJC_ISA_USAGE = YES_ERROR;
				CLANG_WARN_DOCUMENTATION_COMMENTS = YES;
				CLANG_WARN_EMPTY_BODY = YES;
				CLANG_WARN_ENUM_CONVERSION = YES;
				CLANG_WARN_INFINITE_RECURSION = YES;
				CLANG_WARN_INT_CONVERSION = YES;
				CLANG_WARN_NON_LITERAL_NULL_CONVERSION = YES;
				CLANG_WARN_OBJC_IMPLICIT_RETAIN_SELF = YES;
				CLANG_WARN_OBJC_LITERAL_CONVERSION = YES;
				CLANG_WARN_OBJC_ROOT_CLASS = YES_ERROR;
				CLANG_WARN_QUOTED_INCLUDE_IN_FRAMEWORK_HEADER = YES;
				CLANG_WARN_RANGE_LOOP_ANALYSIS = YES;
				CLANG_WARN_STRICT_PROTOTYPES = YES;
				CLANG_WARN_SUSPICIOUS_MOVE = YES;
				CLANG_WARN_UNGUARDED_AVAILABILITY = YES_AGGRESSIVE;
				CLANG_WARN_UNREACHABLE_CODE = YES;
				CLANG_WARN__DUPLICATE_METHOD_MATCH = YES;
				COPY_PHASE_STRIP = NO;
				DEBUG_INFORMATION_FORMAT = dwarf;
				ENABLE_STRICT_OBJC_MSGSEND = YES;
				ENABLE_TESTABILITY = YES;
				GCC_C_LANGUAGE_STANDARD = gnu11;
				GCC_DYNAMIC_NO_PIC = NO;
				GCC_NO_COMMON_BLOCKS = YES;
				GCC_OPTIMIZATION_LEVEL = 0;
				GCC_PREPROCESSOR_DEFINITIONS = (
					"DEBUG=1",
					"$(inherited)",
				);
				GCC_WARN_64_TO_32_BIT_CONVERSION = YES;
				GCC_WARN_ABOUT_RETURN_TYPE = YES_ERROR;
				GCC_WARN_UNDECLARED_SELECTOR = YES;
				GCC_WARN_UNINITIALIZED_AUTOS = YES_AGGRESSIVE;
				GCC_WARN_UNUSED_FUNCTION = YES;
				GCC_WARN_UNUSED_VARIABLE = YES;
				IPHONEOS_DEPLOYMENT_TARGET = 16.0;
				MTL_ENABLE_DEBUG_INFO = INCLUDE_SOURCE;
				MTL_FAST_MATH = YES;
				ONLY_ACTIVE_ARCH = YES;
				SDKROOT = iphoneos;
				SWIFT_ACTIVE_COMPILATION_CONDITIONS = DEBUG;
				SWIFT_OPTIMIZATION_LEVEL = "-Onone";
			};
			name = Debug;
		};
		237DEB992859E9E100B14BDF /* Release */ = {
			isa = XCBuildConfiguration;
			buildSettings = {
				ALWAYS_SEARCH_USER_PATHS = NO;
				CLANG_ANALYZER_NONNULL = YES;
				CLANG_ANALYZER_NUMBER_OBJECT_CONVERSION = YES_AGGRESSIVE;
				CLANG_CXX_LANGUAGE_STANDARD = "gnu++17";
				CLANG_ENABLE_MODULES = YES;
				CLANG_ENABLE_OBJC_ARC = YES;
				CLANG_ENABLE_OBJC_WEAK = YES;
				CLANG_WARN_BLOCK_CAPTURE_AUTORELEASING = YES;
				CLANG_WARN_BOOL_CONVERSION = YES;
				CLANG_WARN_COMMA = YES;
				CLANG_WARN_CONSTANT_CONVERSION = YES;
				CLANG_WARN_DEPRECATED_OBJC_IMPLEMENTATIONS = YES;
				CLANG_WARN_DIRECT_OBJC_ISA_USAGE = YES_ERROR;
				CLANG_WARN_DOCUMENTATION_COMMENTS = YES;
				CLANG_WARN_EMPTY_BODY = YES;
				CLANG_WARN_ENUM_CONVERSION = YES;
				CLANG_WARN_INFINITE_RECURSION = YES;
				CLANG_WARN_INT_CONVERSION = YES;
				CLANG_WARN_NON_LITERAL_NULL_CONVERSION = YES;
				CLANG_WARN_OBJC_IMPLICIT_RETAIN_SELF = YES;
				CLANG_WARN_OBJC_LITERAL_CONVERSION = YES;
				CLANG_WARN_OBJC_ROOT_CLASS = YES_ERROR;
				CLANG_WARN_QUOTED_INCLUDE_IN_FRAMEWORK_HEADER = YES;
				CLANG_WARN_RANGE_LOOP_ANALYSIS = YES;
				CLANG_WARN_STRICT_PROTOTYPES = YES;
				CLANG_WARN_SUSPICIOUS_MOVE = YES;
				CLANG_WARN_UNGUARDED_AVAILABILITY = YES_AGGRESSIVE;
				CLANG_WARN_UNREACHABLE_CODE = YES;
				CLANG_WARN__DUPLICATE_METHOD_MATCH = YES;
				COPY_PHASE_STRIP = NO;
				DEBUG_INFORMATION_FORMAT = "dwarf-with-dsym";
				ENABLE_NS_ASSERTIONS = NO;
				ENABLE_STRICT_OBJC_MSGSEND = YES;
				GCC_C_LANGUAGE_STANDARD = gnu11;
				GCC_NO_COMMON_BLOCKS = YES;
				GCC_WARN_64_TO_32_BIT_CONVERSION = YES;
				GCC_WARN_ABOUT_RETURN_TYPE = YES_ERROR;
				GCC_WARN_UNDECLARED_SELECTOR = YES;
				GCC_WARN_UNINITIALIZED_AUTOS = YES_AGGRESSIVE;
				GCC_WARN_UNUSED_FUNCTION = YES;
				GCC_WARN_UNUSED_VARIABLE = YES;
				IPHONEOS_DEPLOYMENT_TARGET = 16.0;
				MTL_ENABLE_DEBUG_INFO = NO;
				MTL_FAST_MATH = YES;
				SDKROOT = iphoneos;
				SWIFT_COMPILATION_MODE = wholemodule;
				SWIFT_OPTIMIZATION_LEVEL = "-O";
				VALIDATE_PRODUCT = YES;
			};
			name = Release;
		};
		237DEB9B2859E9E100B14BDF /* Debug */ = {
			isa = XCBuildConfiguration;
			buildSettings = {
				ASSETCATALOG_COMPILER_APPICON_NAME = AppIcon;
				ASSETCATALOG_COMPILER_GLOBAL_ACCENT_COLOR_NAME = AccentColor;
				CODE_SIGN_STYLE = Automatic;
				CURRENT_PROJECT_VERSION = 1;
				DEVELOPMENT_ASSET_PATHS = "\"CampaignDemo/Preview Content\"";
				DEVELOPMENT_TEAM = 62693BZN4B;
				ENABLE_PREVIEWS = YES;
				GENERATE_INFOPLIST_FILE = YES;
				INFOPLIST_KEY_UIApplicationSceneManifest_Generation = YES;
				INFOPLIST_KEY_UIApplicationSupportsIndirectInputEvents = YES;
				INFOPLIST_KEY_UILaunchScreen_Generation = YES;
				INFOPLIST_KEY_UILaunchStoryboardName = "Launch Screen.storyboard";
				INFOPLIST_KEY_UISupportedInterfaceOrientations_iPad = "UIInterfaceOrientationPortrait UIInterfaceOrientationPortraitUpsideDown UIInterfaceOrientationLandscapeLeft UIInterfaceOrientationLandscapeRight";
				INFOPLIST_KEY_UISupportedInterfaceOrientations_iPhone = "UIInterfaceOrientationPortrait UIInterfaceOrientationLandscapeLeft UIInterfaceOrientationLandscapeRight";
				LD_RUNPATH_SEARCH_PATHS = (
					"$(inherited)",
					"@executable_path/Frameworks",
				);
				MARKETING_VERSION = 1.0;
				PRODUCT_BUNDLE_IDENTIFIER = berkaydisli.CampaignDemo;
				PRODUCT_NAME = "$(TARGET_NAME)";
				SWIFT_EMIT_LOC_STRINGS = YES;
				SWIFT_VERSION = 5.0;
				TARGETED_DEVICE_FAMILY = "1,2";
			};
			name = Debug;
		};
		237DEB9C2859E9E100B14BDF /* Release */ = {
			isa = XCBuildConfiguration;
			buildSettings = {
				ASSETCATALOG_COMPILER_APPICON_NAME = AppIcon;
				ASSETCATALOG_COMPILER_GLOBAL_ACCENT_COLOR_NAME = AccentColor;
				CODE_SIGN_STYLE = Automatic;
				CURRENT_PROJECT_VERSION = 1;
				DEVELOPMENT_ASSET_PATHS = "\"CampaignDemo/Preview Content\"";
				DEVELOPMENT_TEAM = 62693BZN4B;
				ENABLE_PREVIEWS = YES;
				GENERATE_INFOPLIST_FILE = YES;
				INFOPLIST_KEY_UIApplicationSceneManifest_Generation = YES;
				INFOPLIST_KEY_UIApplicationSupportsIndirectInputEvents = YES;
				INFOPLIST_KEY_UILaunchScreen_Generation = YES;
				INFOPLIST_KEY_UILaunchStoryboardName = "Launch Screen.storyboard";
				INFOPLIST_KEY_UISupportedInterfaceOrientations_iPad = "UIInterfaceOrientationPortrait UIInterfaceOrientationPortraitUpsideDown UIInterfaceOrientationLandscapeLeft UIInterfaceOrientationLandscapeRight";
				INFOPLIST_KEY_UISupportedInterfaceOrientations_iPhone = "UIInterfaceOrientationPortrait UIInterfaceOrientationLandscapeLeft UIInterfaceOrientationLandscapeRight";
				LD_RUNPATH_SEARCH_PATHS = (
					"$(inherited)",
					"@executable_path/Frameworks",
				);
				MARKETING_VERSION = 1.0;
				PRODUCT_BUNDLE_IDENTIFIER = berkaydisli.CampaignDemo;
				PRODUCT_NAME = "$(TARGET_NAME)";
				SWIFT_EMIT_LOC_STRINGS = YES;
				SWIFT_VERSION = 5.0;
				TARGETED_DEVICE_FAMILY = "1,2";
			};
			name = Release;
		};
/* End XCBuildConfiguration section */

/* Begin XCConfigurationList section */
		237DEB872859E9E100B14BDF /* Build configuration list for PBXProject "CampaignDemo" */ = {
			isa = XCConfigurationList;
			buildConfigurations = (
				237DEB982859E9E100B14BDF /* Debug */,
				237DEB992859E9E100B14BDF /* Release */,
			);
			defaultConfigurationIsVisible = 0;
			defaultConfigurationName = Release;
		};
		237DEB9A2859E9E100B14BDF /* Build configuration list for PBXNativeTarget "CampaignDemo" */ = {
			isa = XCConfigurationList;
			buildConfigurations = (
				237DEB9B2859E9E100B14BDF /* Debug */,
				237DEB9C2859E9E100B14BDF /* Release */,
			);
			defaultConfigurationIsVisible = 0;
			defaultConfigurationName = Release;
		};
/* End XCConfigurationList section */

/* Begin XCRemoteSwiftPackageReference section */
		23654163285A055800A8612F /* XCRemoteSwiftPackageReference "Kingfisher" */ = {
			isa = XCRemoteSwiftPackageReference;
			repositoryURL = "https://github.com/onevcat/Kingfisher.git";
			requirement = {
				branch = master;
				kind = branch;
			};
		};
/* End XCRemoteSwiftPackageReference section */

/* Begin XCSwiftPackageProductDependency section */
		23654164285A055800A8612F /* Kingfisher */ = {
			isa = XCSwiftPackageProductDependency;
			package = 23654163285A055800A8612F /* XCRemoteSwiftPackageReference "Kingfisher" */;
			productName = Kingfisher;
		};
/* End XCSwiftPackageProductDependency section */
	};
	rootObject = 237DEB842859E9E100B14BDF /* Project object */;
}
